{
  "name": "@marckrenn/pi-sub-core",
  "version": "1.5.0",
  "lockfileVersion": 3,
  "requires": true,
  "packages": {
    "": {
      "name": "@marckrenn/pi-sub-core",
      "version": "1.5.0",
      "license": "MIT",
      "dependencies": {
        "@marckrenn/pi-sub-shared": "^1.5.0"
      }
    },
    "node_modules/@marckrenn/pi-sub-shared": {
      "version": "1.5.0",
      "resolved": "https://registry.npmjs.org/@marckrenn/pi-sub-shared/-/pi-sub-shared-1.5.0.tgz",
      "integrity": "sha512-Z5vIFSn3tTND/J38NPK8YAXO74ibY1AQ9eiXHQmDjmNCMm/F2XxqsTKYM+TFjdII25fX/BsOEvugWhXWHoFXDQ=="
    }
  }
}
